
Microsoft Visual Studio Solution File, Format Version 12.00
# Visual Studio 15
VisualStudioVersion = 15.0.27703.2026
MinimumVisualStudioVersion = 10.0.40219.1
Project("{2150E333-8FDC-42A3-9474-1A3956D46DE8}") = "Solution Items", "Solution Items", "{9020834F-1DBA-4AA0-88C8-1E0928B941E7}"
	ProjectSection(SolutionItems) = preProject
		bonus_page.html = bonus_page.html
		fourth_page.html = fourth_page.html
		index.html = index.html
		lesson2.css = lesson2.css
		second_page.html = second_page.html
		third_page.html = third_page.html
	EndProjectSection
EndProject
Global
	GlobalSection(SolutionProperties) = preSolution
		HideSolutionNode = FALSE
	EndGlobalSection
	GlobalSection(ExtensibilityGlobals) = postSolution
		SolutionGuid = {A153FADE-2EB4-4C17-99FF-660D27CEAEE5}
	EndGlobalSection
EndGlobal
